
Microsoft Visual Studio Solution File, Format Version 12.00
# Visual Studio Version 16
VisualStudioVersion = 16.0.32901.82
MinimumVisualStudioVersion = 10.0.40219.1
Project("{2150E333-8FDC-42A3-9474-1A3956D46DE8}") = "Docs", "Docs", "{0BF4D147-0DEA-4B9B-BC62-BA3D48B2C135}"
	ProjectSection(SolutionItems) = preProject
		Readme.md = Readme.md
	EndProjectSection
EndProject
Project("{2150E333-8FDC-42A3-9474-1A3956D46DE8}") = "Sources", "Sources", "{BC482F5B-90BC-4F9B-8CD5-FE3D46339EED}"
EndProject
Project("{9A19103F-16F7-4668-BE54-9A1E7A4F7556}") = "Application", "Application\Application.csproj", "{DFC796B7-FCBE-4133-BF31-6820829A0CC3}"
EndProject
Project("{9A19103F-16F7-4668-BE54-9A1E7A4F7556}") = "Infrastructure.Interfaces", "Infrastructure.Interfaces\Infrastructure.Interfaces.csproj", "{1D634B4E-A9BA-41E8-B84E-BF23EDB8AA5F}"
EndProject
Project("{9A19103F-16F7-4668-BE54-9A1E7A4F7556}") = "Entities", "Entities\Entities.csproj", "{C04B943E-177B-4FB2-B2F5-7009F3E325D8}"
EndProject
Project("{9A19103F-16F7-4668-BE54-9A1E7A4F7556}") = "DataAccess.PgSql", "DataAccess.PgSql\DataAccess.PgSql.csproj", "{C3D643F4-4C9D-42CD-9116-760FABC80EB0}"
EndProject
Project("{9A19103F-16F7-4668-BE54-9A1E7A4F7556}") = "UseCases", "UseCases\UseCases.csproj", "{B473E451-E6B4-45FF-A447-6D2142065EA3}"
EndProject
Project("{FAE04EC0-301F-11D3-BF4B-00C04F79EFBC}") = "Infrastructure.Implementation", "Infrastructure.Implementation\Infrastructure.Implementation.csproj", "{E8EB6977-7B6B-437E-B2A4-F280DF3624A1}"
EndProject
Project("{FAE04EC0-301F-11D3-BF4B-00C04F79EFBC}") = "Utils", "Utils\Utils.csproj", "{547846A9-8851-45F3-BAEF-21E5554F56E5}"
EndProject
Global
	GlobalSection(SolutionConfigurationPlatforms) = preSolution
		Debug|Any CPU = Debug|Any CPU
		Release|Any CPU = Release|Any CPU
	EndGlobalSection
	GlobalSection(ProjectConfigurationPlatforms) = postSolution
		{DFC796B7-FCBE-4133-BF31-6820829A0CC3}.Debug|Any CPU.ActiveCfg = Debug|Any CPU
		{DFC796B7-FCBE-4133-BF31-6820829A0CC3}.Debug|Any CPU.Build.0 = Debug|Any CPU
		{DFC796B7-FCBE-4133-BF31-6820829A0CC3}.Release|Any CPU.ActiveCfg = Release|Any CPU
		{DFC796B7-FCBE-4133-BF31-6820829A0CC3}.Release|Any CPU.Build.0 = Release|Any CPU
		{1D634B4E-A9BA-41E8-B84E-BF23EDB8AA5F}.Debug|Any CPU.ActiveCfg = Debug|Any CPU
		{1D634B4E-A9BA-41E8-B84E-BF23EDB8AA5F}.Debug|Any CPU.Build.0 = Debug|Any CPU
		{1D634B4E-A9BA-41E8-B84E-BF23EDB8AA5F}.Release|Any CPU.ActiveCfg = Release|Any CPU
		{1D634B4E-A9BA-41E8-B84E-BF23EDB8AA5F}.Release|Any CPU.Build.0 = Release|Any CPU
		{C04B943E-177B-4FB2-B2F5-7009F3E325D8}.Debug|Any CPU.ActiveCfg = Debug|Any CPU
		{C04B943E-177B-4FB2-B2F5-7009F3E325D8}.Debug|Any CPU.Build.0 = Debug|Any CPU
		{C04B943E-177B-4FB2-B2F5-7009F3E325D8}.Release|Any CPU.ActiveCfg = Release|Any CPU
		{C04B943E-177B-4FB2-B2F5-7009F3E325D8}.Release|Any CPU.Build.0 = Release|Any CPU
		{C3D643F4-4C9D-42CD-9116-760FABC80EB0}.Debug|Any CPU.ActiveCfg = Debug|Any CPU
		{C3D643F4-4C9D-42CD-9116-760FABC80EB0}.Debug|Any CPU.Build.0 = Debug|Any CPU
		{C3D643F4-4C9D-42CD-9116-760FABC80EB0}.Release|Any CPU.ActiveCfg = Release|Any CPU
		{C3D643F4-4C9D-42CD-9116-760FABC80EB0}.Release|Any CPU.Build.0 = Release|Any CPU
		{B473E451-E6B4-45FF-A447-6D2142065EA3}.Debug|Any CPU.ActiveCfg = Debug|Any CPU
		{B473E451-E6B4-45FF-A447-6D2142065EA3}.Debug|Any CPU.Build.0 = Debug|Any CPU
		{B473E451-E6B4-45FF-A447-6D2142065EA3}.Release|Any CPU.ActiveCfg = Release|Any CPU
		{B473E451-E6B4-45FF-A447-6D2142065EA3}.Release|Any CPU.Build.0 = Release|Any CPU
		{E8EB6977-7B6B-437E-B2A4-F280DF3624A1}.Debug|Any CPU.ActiveCfg = Debug|Any CPU
		{E8EB6977-7B6B-437E-B2A4-F280DF3624A1}.Debug|Any CPU.Build.0 = Debug|Any CPU
		{E8EB6977-7B6B-437E-B2A4-F280DF3624A1}.Release|Any CPU.ActiveCfg = Release|Any CPU
		{E8EB6977-7B6B-437E-B2A4-F280DF3624A1}.Release|Any CPU.Build.0 = Release|Any CPU
		{547846A9-8851-45F3-BAEF-21E5554F56E5}.Debug|Any CPU.ActiveCfg = Debug|Any CPU
		{547846A9-8851-45F3-BAEF-21E5554F56E5}.Debug|Any CPU.Build.0 = Debug|Any CPU
		{547846A9-8851-45F3-BAEF-21E5554F56E5}.Release|Any CPU.ActiveCfg = Release|Any CPU
		{547846A9-8851-45F3-BAEF-21E5554F56E5}.Release|Any CPU.Build.0 = Release|Any CPU
	EndGlobalSection
	GlobalSection(SolutionProperties) = preSolution
		HideSolutionNode = FALSE
	EndGlobalSection
	GlobalSection(NestedProjects) = preSolution
		{DFC796B7-FCBE-4133-BF31-6820829A0CC3} = {BC482F5B-90BC-4F9B-8CD5-FE3D46339EED}
		{1D634B4E-A9BA-41E8-B84E-BF23EDB8AA5F} = {BC482F5B-90BC-4F9B-8CD5-FE3D46339EED}
		{C04B943E-177B-4FB2-B2F5-7009F3E325D8} = {BC482F5B-90BC-4F9B-8CD5-FE3D46339EED}
		{C3D643F4-4C9D-42CD-9116-760FABC80EB0} = {BC482F5B-90BC-4F9B-8CD5-FE3D46339EED}
		{B473E451-E6B4-45FF-A447-6D2142065EA3} = {BC482F5B-90BC-4F9B-8CD5-FE3D46339EED}
		{E8EB6977-7B6B-437E-B2A4-F280DF3624A1} = {BC482F5B-90BC-4F9B-8CD5-FE3D46339EED}
		{547846A9-8851-45F3-BAEF-21E5554F56E5} = {BC482F5B-90BC-4F9B-8CD5-FE3D46339EED}
	EndGlobalSection
	GlobalSection(ExtensibilityGlobals) = postSolution
		SolutionGuid = {E2615450-87F5-42CF-95F1-EE4EF654399C}
	EndGlobalSection
EndGlobal
